PODS:
  - AgoraRtcEngine_iOS_Preview (4.0.0.preview.6)
  - Extensions (0.1.0)

DEPENDENCIES:
  - AgoraRtcEngine_iOS_Preview (= 4.0.0.preview.6)
  - Extensions (from `ExtensionExample`)

SPEC REPOS:
  trunk:
    - AgoraRtcEngine_iOS_Preview

EXTERNAL SOURCES:
  Extensions:
    :path: ExtensionExample

SPEC CHECKSUMS:
  AgoraRtcEngine_iOS_Preview: a790a04ded9aac522480658abdf21bc2e599b93c
  Extensions: 77390a90b6ab0eab43eb05a17453aad78666d05c

PODFILE CHECKSUM: 8b01b89452590662c98bd8d0a31e9e93f0a4496b

COCOAPODS: 1.11.2
