PODS:
  - AgoraRtcEngine_iOS (4.0.0-rc.1)
  - Extensions (0.1.0)

DEPENDENCIES:
  - AgoraRtcEngine_iOS (= 4.0.0-rc.1)
  - Extensions (from `ExtensionExample`)

SPEC REPOS:
  trunk:
    - AgoraRtcEngine_iOS

EXTERNAL SOURCES:
  Extensions:
    :path: ExtensionExample

SPEC CHECKSUMS:
  AgoraRtcEngine_iOS: b03946a1b4e9df5a2ead9561ad82b12dd925cac8
  Extensions: 1089bd3c0038167f6f9a5cdea7947348d7fca843

PODFILE CHECKSUM: 805c99fdee3ea7bc18822c00623adb5e6ee1ee5b

COCOAPODS: 1.11.3
