PODS:
  - AgoraRtcEngine_iOS_Preview (4.0.0.preview.6)
  - Extensions (0.1.0)

DEPENDENCIES:
  - AgoraRtcEngine_iOS_Preview (= 4.0.0.preview.6)
  - Extensions (from `ExtensionExample`)

SPEC REPOS:
  trunk:
    - AgoraRtcEngine_iOS_Preview

EXTERNAL SOURCES:
  Extensions:
    :path: ExtensionExample

SPEC CHECKSUMS:
  AgoraRtcEngine_iOS_Preview: a790a04ded9aac522480658abdf21bc2e599b93c
  Extensions: c6a10034ce8cea05be6dba49a3212f092d3a20b6

PODFILE CHECKSUM: 083cd09db95c0f5930c0b53faffae28b62533906

COCOAPODS: 1.11.2
